
Microsoft Visual Studio Solution File, Format Version 12.00
# Visual Studio 15
VisualStudioVersion = 15.0.28010.2036
MinimumVisualStudioVersion = 10.0.40219.1
Project("{FAE04EC0-301F-11D3-BF4B-00C04F79EFBC}") = "WPF", "WPF\WPF.csproj", "{E9804ADD-6A3A-4A2D-A31F-3A411A2B51D2}"
EndProject
Global
	GlobalSection(SolutionConfigurationPlatforms) = preSolution
		Debug|Any CPU = Debug|Any CPU
		Release|Any CPU = Release|Any CPU
	EndGlobalSection
	GlobalSection(ProjectConfigurationPlatforms) = postSolution
		{E9804ADD-6A3A-4A2D-A31F-3A411A2B51D2}.Debug|Any CPU.ActiveCfg = Debug|Any CPU
		{E9804ADD-6A3A-4A2D-A31F-3A411A2B51D2}.Debug|Any CPU.Build.0 = Debug|Any CPU
		{E9804ADD-6A3A-4A2D-A31F-3A411A2B51D2}.Release|Any CPU.ActiveCfg = Release|Any CPU
		{E9804ADD-6A3A-4A2D-A31F-3A411A2B51D2}.Release|Any CPU.Build.0 = Release|Any CPU
	EndGlobalSection
	GlobalSection(SolutionProperties) = preSolution
		HideSolutionNode = FALSE
	EndGlobalSection
	GlobalSection(ExtensibilityGlobals) = postSolution
		SolutionGuid = {0378C8E5-9D7C-4532-B39E-F869ED5C6A2C}
	EndGlobalSection
EndGlobal
